
Microsoft Visual Studio Solution File, Format Version 12.00
# Visual Studio Version 17
VisualStudioVersion = 17.4.33213.308
MinimumVisualStudioVersion = 10.0.40219.1
Project("{FAE04EC0-301F-11D3-BF4B-00C04F79EFBC}") = "ProyectoTESLA", "ProyectoTESLA\ProyectoTESLA.csproj", "{6CAD615F-92C5-4F78-A39F-7741C9AC408A}"
EndProject
Global
	GlobalSection(SolutionConfigurationPlatforms) = preSolution
		Debug|Any CPU = Debug|Any CPU
		Release|Any CPU = Release|Any CPU
	EndGlobalSection
	GlobalSection(ProjectConfigurationPlatforms) = postSolution
		{6CAD615F-92C5-4F78-A39F-7741C9AC408A}.Debug|Any CPU.ActiveCfg = Debug|Any CPU
		{6CAD615F-92C5-4F78-A39F-7741C9AC408A}.Debug|Any CPU.Build.0 = Debug|Any CPU
		{6CAD615F-92C5-4F78-A39F-7741C9AC408A}.Release|Any CPU.ActiveCfg = Release|Any CPU
		{6CAD615F-92C5-4F78-A39F-7741C9AC408A}.Release|Any CPU.Build.0 = Release|Any CPU
	EndGlobalSection
	GlobalSection(SolutionProperties) = preSolution
		HideSolutionNode = FALSE
	EndGlobalSection
	GlobalSection(ExtensibilityGlobals) = postSolution
		SolutionGuid = {8DB3FABF-38AE-4266-ADCD-C6CAF99E731B}
	EndGlobalSection
EndGlobal
